// !$*UTF8*$!
{
	archiveVersion = 1;
	classes = {
	};
	objectVersion = 46;
	objects = {

/* Begin PBXBuildFile section */
		E663E5A31E937AD700FF9539 /* main.cpp in Sources */ = {isa = PBXBuildFile; fileRef = E663E5A21E937AD700FF9539 /* main.cpp */; };
		E663E5AF1E937C2100FF9539 /* Input.cpp in Sources */ = {isa = PBXBuildFile; fileRef = E663E5AD1E937C2100FF9539 /* Input.cpp */; };
		E663E5B81E938ED800FF9539 /* Segment.cpp in Sources */ = {isa = PBXBuildFile; fileRef = E663E5B61E938ED800FF9539 /* Segment.cpp */; };
		E663E5BB1E9392CD00FF9539 /* CurrentField.cpp in Sources */ = {isa = PBXBuildFile; fileRef = E663E5B91E9392CD00FF9539 /* CurrentField.cpp */; };
/* End PBXBuildFile section */

/* Begin PBXCopyFilesBuildPhase section */
		E663E59D1E937AD700FF9539 /* CopyFiles */ = {
			isa = PBXCopyFilesBuildPhase;
			buildActionMask = 2147483647;
			dstPath = /usr/share/man/man1/;
			dstSubfolderSpec = 0;
			files = (
			);
			runOnlyForDeploymentPostprocessing = 1;
		};
/* End PBXCopyFilesBuildPhase section */

/* Begin PBXFileReference section */
		E663E59F1E937AD700FF9539 /* MATSEWhiteStarLine */ = {isa = PBXFileReference; explicitFileType = "compiled.mach-o.executable"; includeInIndex = 0; path = MATSEWhiteStarLine; sourceTree = BUILT_PRODUCTS_DIR; };
		E663E5A21E937AD700FF9539 /* main.cpp */ = {isa = PBXFileReference; lastKnownFileType = sourcecode.cpp.cpp; path = main.cpp; sourceTree = "<group>"; };
		E663E5AD1E937C2100FF9539 /* Input.cpp */ = {isa = PBXFileReference; fileEncoding = 4; lastKnownFileType = sourcecode.cpp.cpp; path = Input.cpp; sourceTree = "<group>"; };
		E663E5AE1E937C2100FF9539 /* Input.h */ = {isa = PBXFileReference; fileEncoding = 4; lastKnownFileType = sourcecode.c.h; path = Input.h; sourceTree = "<group>"; };
		E663E5B31E93815100FF9539 /* Vector2D.h */ = {isa = PBXFileReference; fileEncoding = 4; lastKnownFileType = sourcecode.c.h; path = Vector2D.h; sourceTree = "<group>"; };
		E663E5B61E938ED800FF9539 /* Segment.cpp */ = {isa = PBXFileReference; fileEncoding = 4; lastKnownFileType = sourcecode.cpp.cpp; path = Segment.cpp; sourceTree = "<group>"; };
		E663E5B71E938ED800FF9539 /* Segment.h */ = {isa = PBXFileReference; fileEncoding = 4; lastKnownFileType = sourcecode.c.h; path = Segment.h; sourceTree = "<group>"; };
		E663E5B91E9392CD00FF9539 /* CurrentField.cpp */ = {isa = PBXFileReference; fileEncoding = 4; lastKnownFileType = sourcecode.cpp.cpp; path = CurrentField.cpp; sourceTree = "<group>"; };
		E663E5BA1E9392CD00FF9539 /* CurrentField.h */ = {isa = PBXFileReference; fileEncoding = 4; lastKnownFileType = sourcecode.c.h; path = CurrentField.h; sourceTree = "<group>"; };
		E663E5BD1E93D92900FF9539 /* RoutePart.h */ = {isa = PBXFileReference; fileEncoding = 4; lastKnownFileType = sourcecode.c.h; path = RoutePart.h; sourceTree = "<group>"; };
		E663E5BF1E93EBCF00FF9539 /* test.txt */ = {isa = PBXFileReference; fileEncoding = 4; lastKnownFileType = text; path = test.txt; sourceTree = "<group>"; };
/* End PBXFileReference section */

/* Begin PBXFrameworksBuildPhase section */
		E663E59C1E937AD700FF9539 /* Frameworks */ = {
			isa = PBXFrameworksBuildPhase;
			buildActionMask = 2147483647;
			files = (
			);
			runOnlyForDeploymentPostprocessing = 0;
		};
/* End PBXFrameworksBuildPhase section */

/* Begin PBXGroup section */
		E663E5961E937AD700FF9539 = {
			isa = PBXGroup;
			children = (
				E663E5A11E937AD700FF9539 /* MATSEWhiteStarLine */,
				E663E5A01E937AD700FF9539 /* Products */,
				E663E5B01E93810100FF9539 /* Input */,
				E663E5B11E93810100FF9539 /* Output */,
			);
			sourceTree = "<group>";
		};
		E663E5A01E937AD700FF9539 /* Products */ = {
			isa = PBXGroup;
			children = (
				E663E59F1E937AD700FF9539 /* MATSEWhiteStarLine */,
			);
			name = Products;
			sourceTree = "<group>";
		};
		E663E5A11E937AD700FF9539 /* MATSEWhiteStarLine */ = {
			isa = PBXGroup;
			children = (
				E663E5A21E937AD700FF9539 /* main.cpp */,
				E663E5AB1E937BC400FF9539 /* DataHolder */,
				E663E5AC1E937BC400FF9539 /* I/O */,
			);
			path = MATSEWhiteStarLine;
			sourceTree = "<group>";
		};
		E663E5AB1E937BC400FF9539 /* DataHolder */ = {
			isa = PBXGroup;
			children = (
				E663E5B31E93815100FF9539 /* Vector2D.h */,
				E663E5B71E938ED800FF9539 /* Segment.h */,
				E663E5B61E938ED800FF9539 /* Segment.cpp */,
				E663E5BA1E9392CD00FF9539 /* CurrentField.h */,
				E663E5B91E9392CD00FF9539 /* CurrentField.cpp */,
				E663E5BD1E93D92900FF9539 /* RoutePart.h */,
			);
			path = DataHolder;
			sourceTree = "<group>";
		};
		E663E5AC1E937BC400FF9539 /* I/O */ = {
			isa = PBXGroup;
			children = (
				E663E5AE1E937C2100FF9539 /* Input.h */,
				E663E5AD1E937C2100FF9539 /* Input.cpp */,
			);
			name = I/O;
			path = "I:O";
			sourceTree = "<group>";
		};
		E663E5B01E93810100FF9539 /* Input */ = {
			isa = PBXGroup;
			children = (
				E663E5BF1E93EBCF00FF9539 /* test.txt */,
			);
			path = Input;
			sourceTree = SOURCE_ROOT;
		};
		E663E5B11E93810100FF9539 /* Output */ = {
			isa = PBXGroup;
			children = (
			);
			path = Output;
			sourceTree = SOURCE_ROOT;
		};
/* End PBXGroup section */

/* Begin PBXNativeTarget section */
		E663E59E1E937AD700FF9539 /* MATSEWhiteStarLine */ = {
			isa = PBXNativeTarget;
			buildConfigurationList = E663E5A61E937AD700FF9539 /* Build configuration list for PBXNativeTarget "MATSEWhiteStarLine" */;
			buildPhases = (
				E663E59B1E937AD700FF9539 /* Sources */,
				E663E59C1E937AD700FF9539 /* Frameworks */,
				E663E59D1E937AD700FF9539 /* CopyFiles */,
			);
			buildRules = (
			);
			dependencies = (
			);
			name = MATSEWhiteStarLine;
			productName = MATSEWhiteStarLine;
			productReference = E663E59F1E937AD700FF9539 /* MATSEWhiteStarLine */;
			productType = "com.apple.product-type.tool";
		};
/* End PBXNativeTarget section */

/* Begin PBXProject section */
		E663E5971E937AD700FF9539 /* Project object */ = {
			isa = PBXProject;
			attributes = {
				LastUpgradeCheck = 0820;
				ORGANIZATIONNAME = "Sören Schmaljohann";
				TargetAttributes = {
					E663E59E1E937AD700FF9539 = {
						CreatedOnToolsVersion = 8.2.1;
						ProvisioningStyle = Automatic;
					};
				};
			};
			buildConfigurationList = E663E59A1E937AD700FF9539 /* Build configuration list for PBXProject "MATSEWhiteStarLine" */;
			compatibilityVersion = "Xcode 3.2";
			developmentRegion = English;
			hasScannedForEncodings = 0;
			knownRegions = (
				en,
			);
			mainGroup = E663E5961E937AD700FF9539;
			productRefGroup = E663E5A01E937AD700FF9539 /* Products */;
			projectDirPath = "";
			projectRoot = "";
			targets = (
				E663E59E1E937AD700FF9539 /* MATSEWhiteStarLine */,
			);
		};
/* End PBXProject section */

/* Begin PBXSourcesBuildPhase section */
		E663E59B1E937AD700FF9539 /* Sources */ = {
			isa = PBXSourcesBuildPhase;
			buildActionMask = 2147483647;
			files = (
				E663E5BB1E9392CD00FF9539 /* CurrentField.cpp in Sources */,
				E663E5AF1E937C2100FF9539 /* Input.cpp in Sources */,
				E663E5A31E937AD700FF9539 /* main.cpp in Sources */,
				E663E5B81E938ED800FF9539 /* Segment.cpp in Sources */,
			);
			runOnlyForDeploymentPostprocessing = 0;
		};
/* End PBXSourcesBuildPhase section */

/* Begin XCBuildConfiguration section */
		E663E5A41E937AD700FF9539 /* Debug */ = {
			isa = XCBuildConfiguration;
			buildSettings = {
				ALWAYS_SEARCH_USER_PATHS = NO;
				CLANG_ANALYZER_NONNULL = YES;
				CLANG_CXX_LANGUAGE_STANDARD = "gnu++0x";
				CLANG_CXX_LIBRARY = "libc++";
				CLANG_ENABLE_MODULES = YES;
				CLANG_ENABLE_OBJC_ARC = YES;
				CLANG_WARN_BOOL_CONVERSION = YES;
				CLANG_WARN_CONSTANT_CONVERSION = YES;
				CLANG_WARN_DIRECT_OBJC_ISA_USAGE = YES_ERROR;
				CLANG_WARN_DOCUMENTATION_COMMENTS = YES;
				CLANG_WARN_EMPTY_BODY = YES;
				CLANG_WARN_ENUM_CONVERSION = YES;
				CLANG_WARN_INFINITE_RECURSION = YES;
				CLANG_WARN_INT_CONVERSION = YES;
				CLANG_WARN_OBJC_ROOT_CLASS = YES_ERROR;
				CLANG_WARN_SUSPICIOUS_MOVE = YES;
				CLANG_WARN_UNREACHABLE_CODE = YES;
				CLANG_WARN__DUPLICATE_METHOD_MATCH = YES;
				CODE_SIGN_IDENTITY = "-";
				COPY_PHASE_STRIP = NO;
				DEBUG_INFORMATION_FORMAT = dwarf;
				ENABLE_STRICT_OBJC_MSGSEND = YES;
				ENABLE_TESTABILITY = YES;
				GCC_C_LANGUAGE_STANDARD = gnu99;
				GCC_DYNAMIC_NO_PIC = NO;
				GCC_NO_COMMON_BLOCKS = YES;
				GCC_OPTIMIZATION_LEVEL = 0;
				GCC_PREPROCESSOR_DEFINITIONS = (
					"DEBUG=1",
					"$(inherited)",
				);
				GCC_WARN_64_TO_32_BIT_CONVERSION = YES;
				GCC_WARN_ABOUT_RETURN_TYPE = YES_ERROR;
				GCC_WARN_UNDECLARED_SELECTOR = YES;
				GCC_WARN_UNINITIALIZED_AUTOS = YES_AGGRESSIVE;
				GCC_WARN_UNUSED_FUNCTION = YES;
				GCC_WARN_UNUSED_VARIABLE = YES;
				MACOSX_DEPLOYMENT_TARGET = 10.12;
				MTL_ENABLE_DEBUG_INFO = YES;
				ONLY_ACTIVE_ARCH = YES;
				SDKROOT = macosx;
			};
			name = Debug;
		};
		E663E5A51E937AD700FF9539 /* Release */ = {
			isa = XCBuildConfiguration;
			buildSettings = {
				ALWAYS_SEARCH_USER_PATHS = NO;
				CLANG_ANALYZER_NONNULL = YES;
				CLANG_CXX_LANGUAGE_STANDARD = "gnu++0x";
				CLANG_CXX_LIBRARY = "libc++";
				CLANG_ENABLE_MODULES = YES;
				CLANG_ENABLE_OBJC_ARC = YES;
				CLANG_WARN_BOOL_CONVERSION = YES;
				CLANG_WARN_CONSTANT_CONVERSION = YES;
				CLANG_WARN_DIRECT_OBJC_ISA_USAGE = YES_ERROR;
				CLANG_WARN_DOCUMENTATION_COMMENTS = YES;
				CLANG_WARN_EMPTY_BODY = YES;
				CLANG_WARN_ENUM_CONVERSION = YES;
				CLANG_WARN_INFINITE_RECURSION = YES;
				CLANG_WARN_INT_CONVERSION = YES;
				CLANG_WARN_OBJC_ROOT_CLASS = YES_ERROR;
				CLANG_WARN_SUSPICIOUS_MOVE = YES;
				CLANG_WARN_UNREACHABLE_CODE = YES;
				CLANG_WARN__DUPLICATE_METHOD_MATCH = YES;
				CODE_SIGN_IDENTITY = "-";
				COPY_PHASE_STRIP = NO;
				DEBUG_INFORMATION_FORMAT = "dwarf-with-dsym";
				ENABLE_NS_ASSERTIONS = NO;
				ENABLE_STRICT_OBJC_MSGSEND = YES;
				GCC_C_LANGUAGE_STANDARD = gnu99;
				GCC_NO_COMMON_BLOCKS = YES;
				GCC_WARN_64_TO_32_BIT_CONVERSION = YES;
				GCC_WARN_ABOUT_RETURN_TYPE = YES_ERROR;
				GCC_WARN_UNDECLARED_SELECTOR = YES;
				GCC_WARN_UNINITIALIZED_AUTOS = YES_AGGRESSIVE;
				GCC_WARN_UNUSED_FUNCTION = YES;
				GCC_WARN_UNUSED_VARIABLE = YES;
				MACOSX_DEPLOYMENT_TARGET = 10.12;
				MTL_ENABLE_DEBUG_INFO = NO;
				SDKROOT = macosx;
			};
			name = Release;
		};
		E663E5A71E937AD700FF9539 /* Debug */ = {
			isa = XCBuildConfiguration;
			buildSettings = {
				PRODUCT_NAME = "$(TARGET_NAME)";
			};
			name = Debug;
		};
		E663E5A81E937AD700FF9539 /* Release */ = {
			isa = XCBuildConfiguration;
			buildSettings = {
				PRODUCT_NAME = "$(TARGET_NAME)";
			};
			name = Release;
		};
/* End XCBuildConfiguration section */

/* Begin XCConfigurationList section */
		E663E59A1E937AD700FF9539 /* Build configuration list for PBXProject "MATSEWhiteStarLine" */ = {
			isa = XCConfigurationList;
			buildConfigurations = (
				E663E5A41E937AD700FF9539 /* Debug */,
				E663E5A51E937AD700FF9539 /* Release */,
			);
			defaultConfigurationIsVisible = 0;
			defaultConfigurationName = Release;
		};
		E663E5A61E937AD700FF9539 /* Build configuration list for PBXNativeTarget "MATSEWhiteStarLine" */ = {
			isa = XCConfigurationList;
			buildConfigurations = (
				E663E5A71E937AD700FF9539 /* Debug */,
				E663E5A81E937AD700FF9539 /* Release */,
			);
			defaultConfigurationIsVisible = 0;
			defaultConfigurationName = Release;
		};
/* End XCConfigurationList section */
	};
	rootObject = E663E5971E937AD700FF9539 /* Project object */;
}
